// !$*UTF8*$!
{
	archiveVersion = 1;
	classes = {
	};
	objectVersion = 50;
	objects = {

/* Begin PBXBuildFile section */
		AA71DC2621E5CBB40065B117 /* AppDelegate.m in Sources */ = {isa = PBXBuildFile; fileRef = AA71DC2521E5CBB40065B117 /* AppDelegate.m */; };
		AA71DC2C21E5CBB40065B117 /* Main.storyboard in Resources */ = {isa = PBXBuildFile; fileRef = AA71DC2A21E5CBB40065B117 /* Main.storyboard */; };
		AA71DC2E21E5CBB70065B117 /* Assets.xcassets in Resources */ = {isa = PBXBuildFile; fileRef = AA71DC2D21E5CBB70065B117 /* Assets.xcassets */; };
		AA71DC3121E5CBB70065B117 /* LaunchScreen.storyboard in Resources */ = {isa = PBXBuildFile; fileRef = AA71DC2F21E5CBB70065B117 /* LaunchScreen.storyboard */; };
		AA71DC3421E5CBB70065B117 /* main.m in Sources */ = {isa = PBXBuildFile; fileRef = AA71DC3321E5CBB70065B117 /* main.m */; };
		AA71DC3D21E5D5B90065B117 /* MTXNeophyteGuideView.m in Sources */ = {isa = PBXBuildFile; fileRef = AA71DC3C21E5D5B90065B117 /* MTXNeophyteGuideView.m */; };
		AA71DC4021E5ED8F0065B117 /* HomeViewController.m in Sources */ = {isa = PBXBuildFile; fileRef = AA71DC3F21E5ED8F0065B117 /* HomeViewController.m */; };
/* End PBXBuildFile section */

/* Begin PBXFileReference section */
		AA71DC2121E5CBB40065B117 /* Example.app */ = {isa = PBXFileReference; explicitFileType = wrapper.application; includeInIndex = 0; path = Example.app; sourceTree = BUILT_PRODUCTS_DIR; };
		AA71DC2421E5CBB40065B117 /* AppDelegate.h */ = {isa = PBXFileReference; lastKnownFileType = sourcecode.c.h; path = AppDelegate.h; sourceTree = "<group>"; };
		AA71DC2521E5CBB40065B117 /* AppDelegate.m */ = {isa = PBXFileReference; lastKnownFileType = sourcecode.c.objc; path = AppDelegate.m; sourceTree = "<group>"; };
		AA71DC2B21E5CBB40065B117 /* Base */ = {isa = PBXFileReference; lastKnownFileType = file.storyboard; name = Base; path = Base.lproj/Main.storyboard; sourceTree = "<group>"; };
		AA71DC2D21E5CBB70065B117 /* Assets.xcassets */ = {isa = PBXFileReference; lastKnownFileType = folder.assetcatalog; path = Assets.xcassets; sourceTree = "<group>"; };
		AA71DC3021E5CBB70065B117 /* Base */ = {isa = PBXFileReference; lastKnownFileType = file.storyboard; name = Base; path = Base.lproj/LaunchScreen.storyboard; sourceTree = "<group>"; };
		AA71DC3221E5CBB70065B117 /* Info.plist */ = {isa = PBXFileReference; lastKnownFileType = text.plist.xml; path = Info.plist; sourceTree = "<group>"; };
		AA71DC3321E5CBB70065B117 /* main.m */ = {isa = PBXFileReference; lastKnownFileType = sourcecode.c.objc; path = main.m; sourceTree = "<group>"; };
		AA71DC3B21E5D5B90065B117 /* MTXNeophyteGuideView.h */ = {isa = PBXFileReference; lastKnownFileType = sourcecode.c.h; path = MTXNeophyteGuideView.h; sourceTree = "<group>"; };
		AA71DC3C21E5D5B90065B117 /* MTXNeophyteGuideView.m */ = {isa = PBXFileReference; lastKnownFileType = sourcecode.c.objc; path = MTXNeophyteGuideView.m; sourceTree = "<group>"; };
		AA71DC3E21E5ED8F0065B117 /* HomeViewController.h */ = {isa = PBXFileReference; lastKnownFileType = sourcecode.c.h; path = HomeViewController.h; sourceTree = "<group>"; };
		AA71DC3F21E5ED8F0065B117 /* HomeViewController.m */ = {isa = PBXFileReference; lastKnownFileType = sourcecode.c.objc; path = HomeViewController.m; sourceTree = "<group>"; };
/* End PBXFileReference section */

/* Begin PBXFrameworksBuildPhase section */
		AA71DC1E21E5CBB40065B117 /* Frameworks */ = {
			isa = PBXFrameworksBuildPhase;
			buildActionMask = 2147483647;
			files = (
			);
			runOnlyForDeploymentPostprocessing = 0;
		};
/* End PBXFrameworksBuildPhase section */

/* Begin PBXGroup section */
		AA71DC1821E5CBB40065B117 = {
			isa = PBXGroup;
			children = (
				AA71DC2321E5CBB40065B117 /* Example */,
				AA71DC2221E5CBB40065B117 /* Products */,
			);
			sourceTree = "<group>";
		};
		AA71DC2221E5CBB40065B117 /* Products */ = {
			isa = PBXGroup;
			children = (
				AA71DC2121E5CBB40065B117 /* Example.app */,
			);
			name = Products;
			sourceTree = "<group>";
		};
		AA71DC2321E5CBB40065B117 /* Example */ = {
			isa = PBXGroup;
			children = (
				AA71DC3A21E5D54C0065B117 /* MTXNeophyteGuideView */,
				AA71DC2421E5CBB40065B117 /* AppDelegate.h */,
				AA71DC2521E5CBB40065B117 /* AppDelegate.m */,
				AA71DC3E21E5ED8F0065B117 /* HomeViewController.h */,
				AA71DC3F21E5ED8F0065B117 /* HomeViewController.m */,
				AA71DC2A21E5CBB40065B117 /* Main.storyboard */,
				AA71DC2D21E5CBB70065B117 /* Assets.xcassets */,
				AA71DC2F21E5CBB70065B117 /* LaunchScreen.storyboard */,
				AA71DC3221E5CBB70065B117 /* Info.plist */,
				AA71DC3321E5CBB70065B117 /* main.m */,
			);
			path = Example;
			sourceTree = "<group>";
		};
		AA71DC3A21E5D54C0065B117 /* MTXNeophyteGuideView */ = {
			isa = PBXGroup;
			children = (
				AA71DC3B21E5D5B90065B117 /* MTXNeophyteGuideView.h */,
				AA71DC3C21E5D5B90065B117 /* MTXNeophyteGuideView.m */,
			);
			name = MTXNeophyteGuideView;
			path = ../../MTXNeophyteGuideView;
			sourceTree = "<group>";
		};
/* End PBXGroup section */

/* Begin PBXNativeTarget section */
		AA71DC2021E5CBB40065B117 /* Example */ = {
			isa = PBXNativeTarget;
			buildConfigurationList = AA71DC3721E5CBB70065B117 /* Build configuration list for PBXNativeTarget "Example" */;
			buildPhases = (
				AA71DC1D21E5CBB40065B117 /* Sources */,
				AA71DC1E21E5CBB40065B117 /* Frameworks */,
				AA71DC1F21E5CBB40065B117 /* Resources */,
			);
			buildRules = (
			);
			dependencies = (
			);
			name = Example;
			productName = Example;
			productReference = AA71DC2121E5CBB40065B117 /* Example.app */;
			productType = "com.apple.product-type.application";
		};
/* End PBXNativeTarget section */

/* Begin PBXProject section */
		AA71DC1921E5CBB40065B117 /* Project object */ = {
			isa = PBXProject;
			attributes = {
				LastUpgradeCheck = 0940;
				ORGANIZATIONNAME = "MTX Software Technology Co.,Ltd.";
				TargetAttributes = {
					AA71DC2021E5CBB40065B117 = {
						CreatedOnToolsVersion = 9.4.1;
					};
				};
			};
			buildConfigurationList = AA71DC1C21E5CBB40065B117 /* Build configuration list for PBXProject "Example" */;
			compatibilityVersion = "Xcode 9.3";
			developmentRegion = en;
			hasScannedForEncodings = 0;
			knownRegions = (
				en,
				Base,
			);
			mainGroup = AA71DC1821E5CBB40065B117;
			productRefGroup = AA71DC2221E5CBB40065B117 /* Products */;
			projectDirPath = "";
			projectRoot = "";
			targets = (
				AA71DC2021E5CBB40065B117 /* Example */,
			);
		};
/* End PBXProject section */

/* Begin PBXResourcesBuildPhase section */
		AA71DC1F21E5CBB40065B117 /* Resources */ = {
			isa = PBXResourcesBuildPhase;
			buildActionMask = 2147483647;
			files = (
				AA71DC3121E5CBB70065B117 /* LaunchScreen.storyboard in Resources */,
				AA71DC2E21E5CBB70065B117 /* Assets.xcassets in Resources */,
				AA71DC2C21E5CBB40065B117 /* Main.storyboard in Resources */,
			);
			runOnlyForDeploymentPostprocessing = 0;
		};
/* End PBXResourcesBuildPhase section */

/* Begin PBXSourcesBuildPhase section */
		AA71DC1D21E5CBB40065B117 /* Sources */ = {
			isa = PBXSourcesBuildPhase;
			buildActionMask = 2147483647;
			files = (
				AA71DC3421E5CBB70065B117 /* main.m in Sources */,
				AA71DC2621E5CBB40065B117 /* AppDelegate.m in Sources */,
				AA71DC3D21E5D5B90065B117 /* MTXNeophyteGuideView.m in Sources */,
				AA71DC4021E5ED8F0065B117 /* HomeViewController.m in Sources */,
			);
			runOnlyForDeploymentPostprocessing = 0;
		};
/* End PBXSourcesBuildPhase section */

/* Begin PBXVariantGroup section */
		AA71DC2A21E5CBB40065B117 /* Main.storyboard */ = {
			isa = PBXVariantGroup;
			children = (
				AA71DC2B21E5CBB40065B117 /* Base */,
			);
			name = Main.storyboard;
			sourceTree = "<group>";
		};
		AA71DC2F21E5CBB70065B117 /* LaunchScreen.storyboard */ = {
			isa = PBXVariantGroup;
			children = (
				AA71DC3021E5CBB70065B117 /* Base */,
			);
			name = LaunchScreen.storyboard;
			sourceTree = "<group>";
		};
/* End PBXVariantGroup section */

/* Begin XCBuildConfiguration section */
		AA71DC3521E5CBB70065B117 /* Debug */ = {
			isa = XCBuildConfiguration;
			buildSettings = {
				ALWAYS_SEARCH_USER_PATHS = NO;
				CLANG_ANALYZER_NONNULL = YES;
				CLANG_ANALYZER_NUMBER_OBJECT_CONVERSION = YES_AGGRESSIVE;
				CLANG_CXX_LANGUAGE_STANDARD = "gnu++14";
				CLANG_CXX_LIBRARY = "libc++";
				CLANG_ENABLE_MODULES = YES;
				CLANG_ENABLE_OBJC_ARC = YES;
				CLANG_ENABLE_OBJC_WEAK = YES;
				CLANG_WARN_BLOCK_CAPTURE_AUTORELEASING = YES;
				CLANG_WARN_BOOL_CONVERSION = YES;
				CLANG_WARN_COMMA = YES;
				CLANG_WARN_CONSTANT_CONVERSION = YES;
				CLANG_WARN_DEPRECATED_OBJC_IMPLEMENTATIONS = YES;
				CLANG_WARN_DIRECT_OBJC_ISA_USAGE = YES_ERROR;
				CLANG_WARN_DOCUMENTATION_COMMENTS = YES;
				CLANG_WARN_EMPTY_BODY = YES;
				CLANG_WARN_ENUM_CONVERSION = YES;
				CLANG_WARN_INFINITE_RECURSION = YES;
				CLANG_WARN_INT_CONVERSION = YES;
				CLANG_WARN_NON_LITERAL_NULL_CONVERSION = YES;
				CLANG_WARN_OBJC_IMPLICIT_RETAIN_SELF = YES;
				CLANG_WARN_OBJC_LITERAL_CONVERSION = YES;
				CLANG_WARN_OBJC_ROOT_CLASS = YES_ERROR;
				CLANG_WARN_RANGE_LOOP_ANALYSIS = YES;
				CLANG_WARN_STRICT_PROTOTYPES = YES;
				CLANG_WARN_SUSPICIOUS_MOVE = YES;
				CLANG_WARN_UNGUARDED_AVAILABILITY = YES_AGGRESSIVE;
				CLANG_WARN_UNREACHABLE_CODE = YES;
				CLANG_WARN__DUPLICATE_METHOD_MATCH = YES;
				CODE_SIGN_IDENTITY = "iPhone Developer";
				COPY_PHASE_STRIP = NO;
				DEBUG_INFORMATION_FORMAT = dwarf;
				ENABLE_STRICT_OBJC_MSGSEND = YES;
				ENABLE_TESTABILITY = YES;
				GCC_C_LANGUAGE_STANDARD = gnu11;
				GCC_DYNAMIC_NO_PIC = NO;
				GCC_NO_COMMON_BLOCKS = YES;
				GCC_OPTIMIZATION_LEVEL = 0;
				GCC_PREPROCESSOR_DEFINITIONS = (
					"DEBUG=1",
					"$(inherited)",
				);
				GCC_WARN_64_TO_32_BIT_CONVERSION = YES;
				GCC_WARN_ABOUT_RETURN_TYPE = YES_ERROR;
				GCC_WARN_UNDECLARED_SELECTOR = YES;
				GCC_WARN_UNINITIALIZED_AUTOS = YES_AGGRESSIVE;
				GCC_WARN_UNUSED_FUNCTION = YES;
				GCC_WARN_UNUSED_VARIABLE = YES;
				IPHONEOS_DEPLOYMENT_TARGET = 11.4;
				MTL_ENABLE_DEBUG_INFO = YES;
				ONLY_ACTIVE_ARCH = YES;
				SDKROOT = iphoneos;
			};
			name = Debug;
		};
		AA71DC3621E5CBB70065B117 /* Release */ = {
			isa = XCBuildConfiguration;
			buildSettings = {
				ALWAYS_SEARCH_USER_PATHS = NO;
				CLANG_ANALYZER_NONNULL = YES;
				CLANG_ANALYZER_NUMBER_OBJECT_CONVERSION = YES_AGGRESSIVE;
				CLANG_CXX_LANGUAGE_STANDARD = "gnu++14";
				CLANG_CXX_LIBRARY = "libc++";
				CLANG_ENABLE_MODULES = YES;
				CLANG_ENABLE_OBJC_ARC = YES;
				CLANG_ENABLE_OBJC_WEAK = YES;
				CLANG_WARN_BLOCK_CAPTURE_AUTORELEASING = YES;
				CLANG_WARN_BOOL_CONVERSION = YES;
				CLANG_WARN_COMMA = YES;
				CLANG_WARN_CONSTANT_CONVERSION = YES;
				CLANG_WARN_DEPRECATED_OBJC_IMPLEMENTATIONS = YES;
				CLANG_WARN_DIRECT_OBJC_ISA_USAGE = YES_ERROR;
				CLANG_WARN_DOCUMENTATION_COMMENTS = YES;
				CLANG_WARN_EMPTY_BODY = YES;
				CLANG_WARN_ENUM_CONVERSION = YES;
				CLANG_WARN_INFINITE_RECURSION = YES;
				CLANG_WARN_INT_CONVERSION = YES;
				CLANG_WARN_NON_LITERAL_NULL_CONVERSION = YES;
				CLANG_WARN_OBJC_IMPLICIT_RETAIN_SELF = YES;
				CLANG_WARN_OBJC_LITERAL_CONVERSION = YES;
				CLANG_WARN_OBJC_ROOT_CLASS = YES_ERROR;
				CLANG_WARN_RANGE_LOOP_ANALYSIS = YES;
				CLANG_WARN_STRICT_PROTOTYPES = YES;
				CLANG_WARN_SUSPICIOUS_MOVE = YES;
				CLANG_WARN_UNGUARDED_AVAILABILITY = YES_AGGRESSIVE;
				CLANG_WARN_UNREACHABLE_CODE = YES;
				CLANG_WARN__DUPLICATE_METHOD_MATCH = YES;
				CODE_SIGN_IDENTITY = "iPhone Developer";
				COPY_PHASE_STRIP = NO;
				DEBUG_INFORMATION_FORMAT = "dwarf-with-dsym";
				ENABLE_NS_ASSERTIONS = NO;
				ENABLE_STRICT_OBJC_MSGSEND = YES;
				GCC_C_LANGUAGE_STANDARD = gnu11;
				GCC_NO_COMMON_BLOCKS = YES;
				GCC_WARN_64_TO_32_BIT_CONVERSION = YES;
				GCC_WARN_ABOUT_RETURN_TYPE = YES_ERROR;
				GCC_WARN_UNDECLARED_SELECTOR = YES;
				GCC_WARN_UNINITIALIZED_AUTOS = YES_AGGRESSIVE;
				GCC_WARN_UNUSED_FUNCTION = YES;
				GCC_WARN_UNUSED_VARIABLE = YES;
				IPHONEOS_DEPLOYMENT_TARGET = 11.4;
				MTL_ENABLE_DEBUG_INFO = NO;
				SDKROOT = iphoneos;
				VALIDATE_PRODUCT = YES;
			};
			name = Release;
		};
		AA71DC3821E5CBB70065B117 /* Debug */ = {
			isa = XCBuildConfiguration;
			buildSettings = {
				ASSETCATALOG_COMPILER_APPICON_NAME = AppIcon;
				CODE_SIGN_STYLE = Automatic;
				DEVELOPMENT_TEAM = 5U5763E89G;
				INFOPLIST_FILE = Example/Info.plist;
				LD_RUNPATH_SEARCH_PATHS = (
					"$(inherited)",
					"@executable_path/Frameworks",
				);
				PRODUCT_BUNDLE_IDENTIFIER = com.mountain.xiang.Example;
				PRODUCT_NAME = "$(TARGET_NAME)";
				TARGETED_DEVICE_FAMILY = "1,2";
			};
			name = Debug;
		};
		AA71DC3921E5CBB70065B117 /* Release */ = {
			isa = XCBuildConfiguration;
			buildSettings = {
				ASSETCATALOG_COMPILER_APPICON_NAME = AppIcon;
				CODE_SIGN_STYLE = Automatic;
				DEVELOPMENT_TEAM = 5U5763E89G;
				GCC_PREPROCESSOR_DEFINITIONS = NS_BLOCK_ASSERTIONS;
				INFOPLIST_FILE = Example/Info.plist;
				LD_RUNPATH_SEARCH_PATHS = (
					"$(inherited)",
					"@executable_path/Frameworks",
				);
				PRODUCT_BUNDLE_IDENTIFIER = com.mountain.xiang.Example;
				PRODUCT_NAME = "$(TARGET_NAME)";
				TARGETED_DEVICE_FAMILY = "1,2";
			};
			name = Release;
		};
/* End XCBuildConfiguration section */

/* Begin XCConfigurationList section */
		AA71DC1C21E5CBB40065B117 /* Build configuration list for PBXProject "Example" */ = {
			isa = XCConfigurationList;
			buildConfigurations = (
				AA71DC3521E5CBB70065B117 /* Debug */,
				AA71DC3621E5CBB70065B117 /* Release */,
			);
			defaultConfigurationIsVisible = 0;
			defaultConfigurationName = Release;
		};
		AA71DC3721E5CBB70065B117 /* Build configuration list for PBXNativeTarget "Example" */ = {
			isa = XCConfigurationList;
			buildConfigurations = (
				AA71DC3821E5CBB70065B117 /* Debug */,
				AA71DC3921E5CBB70065B117 /* Release */,
			);
			defaultConfigurationIsVisible = 0;
			defaultConfigurationName = Release;
		};
/* End XCConfigurationList section */
	};
	rootObject = AA71DC1921E5CBB40065B117 /* Project object */;
}
